
Microsoft Visual Studio Solution File, Format Version 12.00
# Visual Studio Version 17
VisualStudioVersion = 17.14.36414.22
MinimumVisualStudioVersion = 10.0.40219.1
Project("{FAE04EC0-301F-11D3-BF4B-00C04F79EFBC}") = "RCL", "RCL\RCL.csproj", "{5E3CCCE3-B98B-4E26-9352-A194DBC2F03D}"
EndProject
Project("{FAE04EC0-301F-11D3-BF4B-00C04F79EFBC}") = "WebApp", "WebApp\WebApp\WebApp.csproj", "{097FA65F-061E-455E-8F36-F25E2C87DC80}"
EndProject
Project("{FAE04EC0-301F-11D3-BF4B-00C04F79EFBC}") = "WebApp.Client", "WebApp\WebApp.Client\WebApp.Client.csproj", "{4491D593-CBD6-4419-986D-16C5D47F95B5}"
EndProject
Project("{FAE04EC0-301F-11D3-BF4B-00C04F79EFBC}") = "MauiBlazorHybrid", "MauiBlazorHybrid\MauiBlazorHybrid.csproj", "{242492EB-ECED-4326-8F4E-B6F30A20C705}"
EndProject
Project("{FAE04EC0-301F-11D3-BF4B-00C04F79EFBC}") = "ComponentFundamentals", "ComponentFundamentals\ComponentFundamentals.csproj", "{EF1367A3-C54E-40BC-8037-2715ABF694FC}"
EndProject
Global
	GlobalSection(SolutionConfigurationPlatforms) = preSolution
		Debug|Any CPU = Debug|Any CPU
		Release|Any CPU = Release|Any CPU
	EndGlobalSection
	GlobalSection(ProjectConfigurationPlatforms) = postSolution
		{5E3CCCE3-B98B-4E26-9352-A194DBC2F03D}.Debug|Any CPU.ActiveCfg = Debug|Any CPU
		{5E3CCCE3-B98B-4E26-9352-A194DBC2F03D}.Debug|Any CPU.Build.0 = Debug|Any CPU
		{5E3CCCE3-B98B-4E26-9352-A194DBC2F03D}.Release|Any CPU.ActiveCfg = Release|Any CPU
		{5E3CCCE3-B98B-4E26-9352-A194DBC2F03D}.Release|Any CPU.Build.0 = Release|Any CPU
		{097FA65F-061E-455E-8F36-F25E2C87DC80}.Debug|Any CPU.ActiveCfg = Debug|Any CPU
		{097FA65F-061E-455E-8F36-F25E2C87DC80}.Debug|Any CPU.Build.0 = Debug|Any CPU
		{097FA65F-061E-455E-8F36-F25E2C87DC80}.Release|Any CPU.ActiveCfg = Release|Any CPU
		{097FA65F-061E-455E-8F36-F25E2C87DC80}.Release|Any CPU.Build.0 = Release|Any CPU
		{4491D593-CBD6-4419-986D-16C5D47F95B5}.Debug|Any CPU.ActiveCfg = Debug|Any CPU
		{4491D593-CBD6-4419-986D-16C5D47F95B5}.Debug|Any CPU.Build.0 = Debug|Any CPU
		{4491D593-CBD6-4419-986D-16C5D47F95B5}.Release|Any CPU.ActiveCfg = Release|Any CPU
		{4491D593-CBD6-4419-986D-16C5D47F95B5}.Release|Any CPU.Build.0 = Release|Any CPU
		{242492EB-ECED-4326-8F4E-B6F30A20C705}.Debug|Any CPU.ActiveCfg = Debug|Any CPU
		{242492EB-ECED-4326-8F4E-B6F30A20C705}.Debug|Any CPU.Build.0 = Debug|Any CPU
		{242492EB-ECED-4326-8F4E-B6F30A20C705}.Debug|Any CPU.Deploy.0 = Debug|Any CPU
		{242492EB-ECED-4326-8F4E-B6F30A20C705}.Release|Any CPU.ActiveCfg = Release|Any CPU
		{242492EB-ECED-4326-8F4E-B6F30A20C705}.Release|Any CPU.Build.0 = Release|Any CPU
		{EF1367A3-C54E-40BC-8037-2715ABF694FC}.Debug|Any CPU.ActiveCfg = Debug|Any CPU
		{EF1367A3-C54E-40BC-8037-2715ABF694FC}.Debug|Any CPU.Build.0 = Debug|Any CPU
		{EF1367A3-C54E-40BC-8037-2715ABF694FC}.Release|Any CPU.ActiveCfg = Release|Any CPU
		{EF1367A3-C54E-40BC-8037-2715ABF694FC}.Release|Any CPU.Build.0 = Release|Any CPU
	EndGlobalSection
	GlobalSection(SolutionProperties) = preSolution
		HideSolutionNode = FALSE
	EndGlobalSection
	GlobalSection(ExtensibilityGlobals) = postSolution
		SolutionGuid = {48698CCA-CFFD-4CD0-83F4-E36FB54D223C}
	EndGlobalSection
EndGlobal
